# THIS IS AN AUTOGENERATED FILE. DO NOT EDIT THIS FILE DIRECTLY.
# yarn lockfile v1


svelte@^3.25.1:
  version "3.25.1"
  resolved "https://registry.yarnpkg.com/svelte/-/svelte-3.25.1.tgz#218def1243fea5a97af6eb60f5e232315bb57ac4"
  integrity sha512-IbrVKTmuR0BvDw4ii8/gBNy8REu7nWTRy9uhUz+Yuae5lIjWgSGwKlWtJGC2Vg95s+UnXPqDu0Kk/sUwe0t2GQ==
